
Microsoft Visual Studio Solution File, Format Version 12.00
# Visual Studio Version 16
VisualStudioVersion = 16.0.30503.244
MinimumVisualStudioVersion = 10.0.40219.1
Project("{FAE04EC0-301F-11D3-BF4B-00C04F79EFBC}") = "Snake", "Snake.csproj", "{EC3ECB46-4E4D-4041-83EA-564B12A992C6}"
EndProject
Global
	GlobalSection(SolutionConfigurationPlatforms) = preSolution
		Debug|Any CPU = Debug|Any CPU
		Release|Any CPU = Release|Any CPU
	EndGlobalSection
	GlobalSection(ProjectConfigurationPlatforms) = postSolution
		{EC3ECB46-4E4D-4041-83EA-564B12A992C6}.Debug|Any CPU.ActiveCfg = Debug|Any CPU
		{EC3ECB46-4E4D-4041-83EA-564B12A992C6}.Debug|Any CPU.Build.0 = Debug|Any CPU
		{EC3ECB46-4E4D-4041-83EA-564B12A992C6}.Release|Any CPU.ActiveCfg = Release|Any CPU
		{EC3ECB46-4E4D-4041-83EA-564B12A992C6}.Release|Any CPU.Build.0 = Release|Any CPU
	EndGlobalSection
	GlobalSection(SolutionProperties) = preSolution
		HideSolutionNode = FALSE
	EndGlobalSection
	GlobalSection(ExtensibilityGlobals) = postSolution
		SolutionGuid = {E395C62E-2967-40A2-9B46-864CC087C7F8}
	EndGlobalSection
EndGlobal
